
Microsoft Visual Studio Solution File, Format Version 12.00
# Visual Studio Version 17
VisualStudioVersion = 17.0.32112.339
MinimumVisualStudioVersion = 10.0.40219.1
Project("{9A19103F-16F7-4668-BE54-9A1E7A4F7556}") = "Lesson_1", "Lesson_1\Lesson_1.csproj", "{0717F428-A3CD-4FE7-B67F-88B57CC0D854}"
EndProject
Project("{9A19103F-16F7-4668-BE54-9A1E7A4F7556}") = "Lesson_2", "Lesson_2\Lesson_2.csproj", "{89B49DB4-F874-4393-9B3F-FBB5BC9E5396}"
EndProject
Project("{9A19103F-16F7-4668-BE54-9A1E7A4F7556}") = "Lesson_3", "Lesson_3\Lesson_3.csproj", "{A08DE1B5-DD34-4D68-AD9B-EBB882DE1E9E}"
EndProject
Project("{9A19103F-16F7-4668-BE54-9A1E7A4F7556}") = "Lesson_4", "Lesson_4\Lesson_4.csproj", "{054914EF-B82D-47A9-B8BD-0512DCEC0338}"
EndProject
Project("{9A19103F-16F7-4668-BE54-9A1E7A4F7556}") = "Lesson_5", "Lesson_5\Lesson_5.csproj", "{D3016766-D89E-4B8C-AF79-0A530650A324}"
EndProject
Project("{9A19103F-16F7-4668-BE54-9A1E7A4F7556}") = "Lesson_6", "Lesson_6\Lesson_6.csproj", "{BD9A77A6-AD64-47E9-A991-63DA987774C8}"
EndProject
Project("{FAE04EC0-301F-11D3-BF4B-00C04F79EFBC}") = "Lesson_8", "Lesson_8\Lesson_8.csproj", "{275F7DF1-38DA-4BD9-9B37-BD357863F84C}"
EndProject
Global
	GlobalSection(SolutionConfigurationPlatforms) = preSolution
		Debug|Any CPU = Debug|Any CPU
		Release|Any CPU = Release|Any CPU
	EndGlobalSection
	GlobalSection(ProjectConfigurationPlatforms) = postSolution
		{0717F428-A3CD-4FE7-B67F-88B57CC0D854}.Debug|Any CPU.ActiveCfg = Debug|Any CPU
		{0717F428-A3CD-4FE7-B67F-88B57CC0D854}.Debug|Any CPU.Build.0 = Debug|Any CPU
		{0717F428-A3CD-4FE7-B67F-88B57CC0D854}.Release|Any CPU.ActiveCfg = Release|Any CPU
		{0717F428-A3CD-4FE7-B67F-88B57CC0D854}.Release|Any CPU.Build.0 = Release|Any CPU
		{89B49DB4-F874-4393-9B3F-FBB5BC9E5396}.Debug|Any CPU.ActiveCfg = Debug|Any CPU
		{89B49DB4-F874-4393-9B3F-FBB5BC9E5396}.Debug|Any CPU.Build.0 = Debug|Any CPU
		{89B49DB4-F874-4393-9B3F-FBB5BC9E5396}.Release|Any CPU.ActiveCfg = Release|Any CPU
		{89B49DB4-F874-4393-9B3F-FBB5BC9E5396}.Release|Any CPU.Build.0 = Release|Any CPU
		{A08DE1B5-DD34-4D68-AD9B-EBB882DE1E9E}.Debug|Any CPU.ActiveCfg = Debug|Any CPU
		{A08DE1B5-DD34-4D68-AD9B-EBB882DE1E9E}.Debug|Any CPU.Build.0 = Debug|Any CPU
		{A08DE1B5-DD34-4D68-AD9B-EBB882DE1E9E}.Release|Any CPU.ActiveCfg = Release|Any CPU
		{A08DE1B5-DD34-4D68-AD9B-EBB882DE1E9E}.Release|Any CPU.Build.0 = Release|Any CPU
		{054914EF-B82D-47A9-B8BD-0512DCEC0338}.Debug|Any CPU.ActiveCfg = Debug|Any CPU
		{054914EF-B82D-47A9-B8BD-0512DCEC0338}.Debug|Any CPU.Build.0 = Debug|Any CPU
		{054914EF-B82D-47A9-B8BD-0512DCEC0338}.Release|Any CPU.ActiveCfg = Release|Any CPU
		{054914EF-B82D-47A9-B8BD-0512DCEC0338}.Release|Any CPU.Build.0 = Release|Any CPU
		{D3016766-D89E-4B8C-AF79-0A530650A324}.Debug|Any CPU.ActiveCfg = Debug|Any CPU
		{D3016766-D89E-4B8C-AF79-0A530650A324}.Debug|Any CPU.Build.0 = Debug|Any CPU
		{D3016766-D89E-4B8C-AF79-0A530650A324}.Release|Any CPU.ActiveCfg = Release|Any CPU
		{D3016766-D89E-4B8C-AF79-0A530650A324}.Release|Any CPU.Build.0 = Release|Any CPU
		{BD9A77A6-AD64-47E9-A991-63DA987774C8}.Debug|Any CPU.ActiveCfg = Debug|Any CPU
		{BD9A77A6-AD64-47E9-A991-63DA987774C8}.Debug|Any CPU.Build.0 = Debug|Any CPU
		{BD9A77A6-AD64-47E9-A991-63DA987774C8}.Release|Any CPU.ActiveCfg = Release|Any CPU
		{BD9A77A6-AD64-47E9-A991-63DA987774C8}.Release|Any CPU.Build.0 = Release|Any CPU
		{275F7DF1-38DA-4BD9-9B37-BD357863F84C}.Debug|Any CPU.ActiveCfg = Debug|Any CPU
		{275F7DF1-38DA-4BD9-9B37-BD357863F84C}.Debug|Any CPU.Build.0 = Debug|Any CPU
		{275F7DF1-38DA-4BD9-9B37-BD357863F84C}.Release|Any CPU.ActiveCfg = Release|Any CPU
		{275F7DF1-38DA-4BD9-9B37-BD357863F84C}.Release|Any CPU.Build.0 = Release|Any CPU
	EndGlobalSection
	GlobalSection(SolutionProperties) = preSolution
		HideSolutionNode = FALSE
	EndGlobalSection
	GlobalSection(ExtensibilityGlobals) = postSolution
		SolutionGuid = {1A3174B4-28AC-4333-BC4F-CF2E097A28DF}
	EndGlobalSection
EndGlobal
